// !$*UTF8*$!
{
	archiveVersion = 1;
	classes = {
	};
	objectVersion = 50;
	objects = {

/* Begin PBXBuildFile section */
		85917D192595576900E665BB /* AppDelegate.swift in Sources */ = {isa = PBXBuildFile; fileRef = 85917D182595576900E665BB /* AppDelegate.swift */; };
		85917D202595576900E665BB /* Main.storyboard in Resources */ = {isa = PBXBuildFile; fileRef = 85917D1E2595576900E665BB /* Main.storyboard */; };
		85917D222595576900E665BB /* Assets.xcassets in Resources */ = {isa = PBXBuildFile; fileRef = 85917D212595576900E665BB /* Assets.xcassets */; };
		85917D252595576900E665BB /* LaunchScreen.storyboard in Resources */ = {isa = PBXBuildFile; fileRef = 85917D232595576900E665BB /* LaunchScreen.storyboard */; };
		85917D322595598B00E665BB /* MenuVC.swift in Sources */ = {isa = PBXBuildFile; fileRef = 85917D312595598B00E665BB /* MenuVC.swift */; };
		85917D3625955A1300E665BB /* BorderedView.swift in Sources */ = {isa = PBXBuildFile; fileRef = 85917D3525955A1300E665BB /* BorderedView.swift */; };
		85917D3C25955C2E00E665BB /* SceneDelegate.swift in Sources */ = {isa = PBXBuildFile; fileRef = 85917D3B25955C2E00E665BB /* SceneDelegate.swift */; };
		85917D4125955D9700E665BB /* BorderedButton.swift in Sources */ = {isa = PBXBuildFile; fileRef = 85917D4025955D9700E665BB /* BorderedButton.swift */; };
		85FD302A25956E0A00CB035C /* HomeButton.png in Resources */ = {isa = PBXBuildFile; fileRef = 85FD302925956E0A00CB035C /* HomeButton.png */; };
		85FD302D25956E6500CB035C /* BoggleTile.swift in Sources */ = {isa = PBXBuildFile; fileRef = 85FD302C25956E6500CB035C /* BoggleTile.swift */; };
		85FD303025956E8800CB035C /* Coordinate.swift in Sources */ = {isa = PBXBuildFile; fileRef = 85FD302F25956E8800CB035C /* Coordinate.swift */; };
		85FD303425956EE800CB035C /* Globals.swift in Sources */ = {isa = PBXBuildFile; fileRef = 85FD303325956EE800CB035C /* Globals.swift */; };
		85FD303825956F7000CB035C /* Trie.swift in Sources */ = {isa = PBXBuildFile; fileRef = 85FD303725956F7000CB035C /* Trie.swift */; };
		85FD303D25956F8800CB035C /* Node.swift in Sources */ = {isa = PBXBuildFile; fileRef = 85FD303C25956F8800CB035C /* Node.swift */; };
		85FD30412595732500CB035C /* BoggleGrid.swift in Sources */ = {isa = PBXBuildFile; fileRef = 85FD30402595732500CB035C /* BoggleGrid.swift */; };
		85FD30492595986B00CB035C /* FoundWordCell.swift in Sources */ = {isa = PBXBuildFile; fileRef = 85FD30482595986B00CB035C /* FoundWordCell.swift */; };
		85FD304E259599E800CB035C /* BoggleVC.swift in Sources */ = {isa = PBXBuildFile; fileRef = 85FD304D259599E800CB035C /* BoggleVC.swift */; };
		85FD305225959AB200CB035C /* FullWordList.json in Resources */ = {isa = PBXBuildFile; fileRef = 85FD305125959AB200CB035C /* FullWordList.json */; };
		85FD305525959AC600CB035C /* MenuMusic.mp3 in Resources */ = {isa = PBXBuildFile; fileRef = 85FD305425959AC600CB035C /* MenuMusic.mp3 */; };
		85FD305825959ADB00CB035C /* selectedTile.mp3 in Resources */ = {isa = PBXBuildFile; fileRef = 85FD305725959ADB00CB035C /* selectedTile.mp3 */; };
		85FD305B25959ADF00CB035C /* selectedTile2.mp3 in Resources */ = {isa = PBXBuildFile; fileRef = 85FD305A25959ADF00CB035C /* selectedTile2.mp3 */; };
		85FD305E25959AF000CB035C /* found.wav in Resources */ = {isa = PBXBuildFile; fileRef = 85FD305D25959AF000CB035C /* found.wav */; };
/* End PBXBuildFile section */

/* Begin PBXFileReference section */
		85917D152595576900E665BB /* Word Hunter.app */ = {isa = PBXFileReference; explicitFileType = wrapper.application; includeInIndex = 0; path = "Word Hunter.app"; sourceTree = BUILT_PRODUCTS_DIR; };
		85917D182595576900E665BB /* AppDelegate.swift */ = {isa = PBXFileReference; lastKnownFileType = sourcecode.swift; path = AppDelegate.swift; sourceTree = "<group>"; };
		85917D1F2595576900E665BB /* Base */ = {isa = PBXFileReference; lastKnownFileType = file.storyboard; name = Base; path = Base.lproj/Main.storyboard; sourceTree = "<group>"; };
		85917D212595576900E665BB /* Assets.xcassets */ = {isa = PBXFileReference; lastKnownFileType = folder.assetcatalog; path = Assets.xcassets; sourceTree = "<group>"; };
		85917D242595576900E665BB /* Base */ = {isa = PBXFileReference; lastKnownFileType = file.storyboard; name = Base; path = Base.lproj/LaunchScreen.storyboard; sourceTree = "<group>"; };
		85917D262595576900E665BB /* Info.plist */ = {isa = PBXFileReference; lastKnownFileType = text.plist.xml; path = Info.plist; sourceTree = "<group>"; };
		85917D312595598B00E665BB /* MenuVC.swift */ = {isa = PBXFileReference; lastKnownFileType = sourcecode.swift; path = MenuVC.swift; sourceTree = "<group>"; };
		85917D3525955A1300E665BB /* BorderedView.swift */ = {isa = PBXFileReference; lastKnownFileType = sourcecode.swift; path = BorderedView.swift; sourceTree = "<group>"; };
		85917D3B25955C2E00E665BB /* SceneDelegate.swift */ = {isa = PBXFileReference; fileEncoding = 4; lastKnownFileType = sourcecode.swift; name = SceneDelegate.swift; path = ../../../.Trash/SceneDelegate.swift; sourceTree = "<group>"; };
		85917D4025955D9700E665BB /* BorderedButton.swift */ = {isa = PBXFileReference; lastKnownFileType = sourcecode.swift; path = BorderedButton.swift; sourceTree = "<group>"; };
		85FD302925956E0A00CB035C /* HomeButton.png */ = {isa = PBXFileReference; lastKnownFileType = image.png; name = HomeButton.png; path = "../../../Library/Mobile Documents/com~apple~CloudDocs/College/Final Apps/Boggle Project/HomeButton.png"; sourceTree = "<group>"; };
		85FD302C25956E6500CB035C /* BoggleTile.swift */ = {isa = PBXFileReference; lastKnownFileType = sourcecode.swift; path = BoggleTile.swift; sourceTree = "<group>"; };
		85FD302F25956E8800CB035C /* Coordinate.swift */ = {isa = PBXFileReference; lastKnownFileType = sourcecode.swift; path = Coordinate.swift; sourceTree = "<group>"; };
		85FD303325956EE800CB035C /* Globals.swift */ = {isa = PBXFileReference; lastKnownFileType = sourcecode.swift; path = Globals.swift; sourceTree = "<group>"; };
		85FD303725956F7000CB035C /* Trie.swift */ = {isa = PBXFileReference; lastKnownFileType = sourcecode.swift; path = Trie.swift; sourceTree = "<group>"; };
		85FD303C25956F8800CB035C /* Node.swift */ = {isa = PBXFileReference; lastKnownFileType = sourcecode.swift; path = Node.swift; sourceTree = "<group>"; };
		85FD30402595732500CB035C /* BoggleGrid.swift */ = {isa = PBXFileReference; lastKnownFileType = sourcecode.swift; path = BoggleGrid.swift; sourceTree = "<group>"; };
		85FD30482595986B00CB035C /* FoundWordCell.swift */ = {isa = PBXFileReference; lastKnownFileType = sourcecode.swift; path = FoundWordCell.swift; sourceTree = "<group>"; };
		85FD304D259599E800CB035C /* BoggleVC.swift */ = {isa = PBXFileReference; lastKnownFileType = sourcecode.swift; path = BoggleVC.swift; sourceTree = "<group>"; };
		85FD305125959AB200CB035C /* FullWordList.json */ = {isa = PBXFileReference; fileEncoding = 4; lastKnownFileType = text.json; name = FullWordList.json; path = "../../../Library/Mobile Documents/com~apple~CloudDocs/College/Final Apps/Boggle Project/Boggle Solve/Boggle Solve/FullWordList.json"; sourceTree = "<group>"; };
		85FD305425959AC600CB035C /* MenuMusic.mp3 */ = {isa = PBXFileReference; lastKnownFileType = audio.mp3; name = MenuMusic.mp3; path = "../../../Library/Mobile Documents/com~apple~CloudDocs/College/Final Apps/Boggle Project/Boggle Solve/Boggle Solve/MenuMusic.mp3"; sourceTree = "<group>"; };
		85FD305725959ADB00CB035C /* selectedTile.mp3 */ = {isa = PBXFileReference; lastKnownFileType = audio.mp3; name = selectedTile.mp3; path = "../../../Library/Mobile Documents/com~apple~CloudDocs/College/Final Apps/Boggle Project/Boggle Solve/Boggle Solve/selectedTile.mp3"; sourceTree = "<group>"; };
		85FD305A25959ADF00CB035C /* selectedTile2.mp3 */ = {isa = PBXFileReference; lastKnownFileType = audio.mp3; name = selectedTile2.mp3; path = "../../../Library/Mobile Documents/com~apple~CloudDocs/College/Final Apps/Boggle Project/Boggle Solve/Boggle Solve/selectedTile2.mp3"; sourceTree = "<group>"; };
		85FD305D25959AF000CB035C /* found.wav */ = {isa = PBXFileReference; lastKnownFileType = audio.wav; name = found.wav; path = "../../../Library/Mobile Documents/com~apple~CloudDocs/College/Final Apps/Boggle Project/Boggle Solve/Boggle Solve/found.wav"; sourceTree = "<group>"; };
/* End PBXFileReference section */

/* Begin PBXFrameworksBuildPhase section */
		85917D122595576900E665BB /* Frameworks */ = {
			isa = PBXFrameworksBuildPhase;
			buildActionMask = 2147483647;
			files = (
			);
			runOnlyForDeploymentPostprocessing = 0;
		};
/* End PBXFrameworksBuildPhase section */

/* Begin PBXGroup section */
		85917D0C2595576900E665BB = {
			isa = PBXGroup;
			children = (
				85917D162595576900E665BB /* Products */,
				85917D172595576900E665BB /* Word Hunter */,
			);
			sourceTree = "<group>";
		};
		85917D162595576900E665BB /* Products */ = {
			isa = PBXGroup;
			children = (
				85917D152595576900E665BB /* Word Hunter.app */,
			);
			name = Products;
			sourceTree = "<group>";
		};
		85917D172595576900E665BB /* Word Hunter */ = {
			isa = PBXGroup;
			children = (
				85917D182595576900E665BB /* AppDelegate.swift */,
				85917D212595576900E665BB /* Assets.xcassets */,
				85FD30402595732500CB035C /* BoggleGrid.swift */,
				85FD302C25956E6500CB035C /* BoggleTile.swift */,
				85FD304D259599E800CB035C /* BoggleVC.swift */,
				85917D4025955D9700E665BB /* BorderedButton.swift */,
				85917D3525955A1300E665BB /* BorderedView.swift */,
				85FD302F25956E8800CB035C /* Coordinate.swift */,
				85FD305D25959AF000CB035C /* found.wav */,
				85FD30482595986B00CB035C /* FoundWordCell.swift */,
				85FD305125959AB200CB035C /* FullWordList.json */,
				85FD303325956EE800CB035C /* Globals.swift */,
				85FD302925956E0A00CB035C /* HomeButton.png */,
				85917D262595576900E665BB /* Info.plist */,
				85917D232595576900E665BB /* LaunchScreen.storyboard */,
				85917D1E2595576900E665BB /* Main.storyboard */,
				85FD305425959AC600CB035C /* MenuMusic.mp3 */,
				85917D312595598B00E665BB /* MenuVC.swift */,
				85FD303C25956F8800CB035C /* Node.swift */,
				85917D3B25955C2E00E665BB /* SceneDelegate.swift */,
				85FD305725959ADB00CB035C /* selectedTile.mp3 */,
				85FD305A25959ADF00CB035C /* selectedTile2.mp3 */,
				85FD303725956F7000CB035C /* Trie.swift */,
			);
			path = "Word Hunter";
			sourceTree = "<group>";
		};
/* End PBXGroup section */

/* Begin PBXNativeTarget section */
		85917D142595576900E665BB /* Word Hunter */ = {
			isa = PBXNativeTarget;
			buildConfigurationList = 85917D292595576900E665BB /* Build configuration list for PBXNativeTarget "Word Hunter" */;
			buildPhases = (
				85917D112595576900E665BB /* Sources */,
				85917D122595576900E665BB /* Frameworks */,
				85917D132595576900E665BB /* Resources */,
			);
			buildRules = (
			);
			dependencies = (
			);
			name = "Word Hunter";
			productName = "Word Hunter";
			productReference = 85917D152595576900E665BB /* Word Hunter.app */;
			productType = "com.apple.product-type.application";
		};
/* End PBXNativeTarget section */

/* Begin PBXProject section */
		85917D0D2595576900E665BB /* Project object */ = {
			isa = PBXProject;
			attributes = {
				LastSwiftUpdateCheck = 1230;
				LastUpgradeCheck = 1230;
				TargetAttributes = {
					85917D142595576900E665BB = {
						CreatedOnToolsVersion = 12.3;
					};
				};
			};
			buildConfigurationList = 85917D102595576900E665BB /* Build configuration list for PBXProject "Word Hunter" */;
			compatibilityVersion = "Xcode 9.3";
			developmentRegion = en;
			hasScannedForEncodings = 0;
			knownRegions = (
				en,
				Base,
			);
			mainGroup = 85917D0C2595576900E665BB;
			productRefGroup = 85917D162595576900E665BB /* Products */;
			projectDirPath = "";
			projectRoot = "";
			targets = (
				85917D142595576900E665BB /* Word Hunter */,
			);
		};
/* End PBXProject section */

/* Begin PBXResourcesBuildPhase section */
		85917D132595576900E665BB /* Resources */ = {
			isa = PBXResourcesBuildPhase;
			buildActionMask = 2147483647;
			files = (
				85FD305B25959ADF00CB035C /* selectedTile2.mp3 in Resources */,
				85FD305225959AB200CB035C /* FullWordList.json in Resources */,
				85917D252595576900E665BB /* LaunchScreen.storyboard in Resources */,
				85FD305E25959AF000CB035C /* found.wav in Resources */,
				85917D222595576900E665BB /* Assets.xcassets in Resources */,
				85FD302A25956E0A00CB035C /* HomeButton.png in Resources */,
				85FD305825959ADB00CB035C /* selectedTile.mp3 in Resources */,
				85917D202595576900E665BB /* Main.storyboard in Resources */,
				85FD305525959AC600CB035C /* MenuMusic.mp3 in Resources */,
			);
			runOnlyForDeploymentPostprocessing = 0;
		};
/* End PBXResourcesBuildPhase section */

/* Begin PBXSourcesBuildPhase section */
		85917D112595576900E665BB /* Sources */ = {
			isa = PBXSourcesBuildPhase;
			buildActionMask = 2147483647;
			files = (
				85917D4125955D9700E665BB /* BorderedButton.swift in Sources */,
				85FD30412595732500CB035C /* BoggleGrid.swift in Sources */,
				85917D192595576900E665BB /* AppDelegate.swift in Sources */,
				85FD303D25956F8800CB035C /* Node.swift in Sources */,
				85FD303025956E8800CB035C /* Coordinate.swift in Sources */,
				85917D322595598B00E665BB /* MenuVC.swift in Sources */,
				85FD303825956F7000CB035C /* Trie.swift in Sources */,
				85FD302D25956E6500CB035C /* BoggleTile.swift in Sources */,
				85917D3625955A1300E665BB /* BorderedView.swift in Sources */,
				85917D3C25955C2E00E665BB /* SceneDelegate.swift in Sources */,
				85FD304E259599E800CB035C /* BoggleVC.swift in Sources */,
				85FD303425956EE800CB035C /* Globals.swift in Sources */,
				85FD30492595986B00CB035C /* FoundWordCell.swift in Sources */,
			);
			runOnlyForDeploymentPostprocessing = 0;
		};
/* End PBXSourcesBuildPhase section */

/* Begin PBXVariantGroup section */
		85917D1E2595576900E665BB /* Main.storyboard */ = {
			isa = PBXVariantGroup;
			children = (
				85917D1F2595576900E665BB /* Base */,
			);
			name = Main.storyboard;
			sourceTree = "<group>";
		};
		85917D232595576900E665BB /* LaunchScreen.storyboard */ = {
			isa = PBXVariantGroup;
			children = (
				85917D242595576900E665BB /* Base */,
			);
			name = LaunchScreen.storyboard;
			sourceTree = "<group>";
		};
/* End PBXVariantGroup section */

/* Begin XCBuildConfiguration section */
		85917D272595576900E665BB /* Debug */ = {
			isa = XCBuildConfiguration;
			buildSettings = {
				ALWAYS_SEARCH_USER_PATHS = NO;
				CLANG_ANALYZER_NONNULL = YES;
				CLANG_ANALYZER_NUMBER_OBJECT_CONVERSION = YES_AGGRESSIVE;
				CLANG_CXX_LANGUAGE_STANDARD = "gnu++14";
				CLANG_CXX_LIBRARY = "libc++";
				CLANG_ENABLE_MODULES = YES;
				CLANG_ENABLE_OBJC_ARC = YES;
				CLANG_ENABLE_OBJC_WEAK = YES;
				CLANG_WARN_BLOCK_CAPTURE_AUTORELEASING = YES;
				CLANG_WARN_BOOL_CONVERSION = YES;
				CLANG_WARN_COMMA = YES;
				CLANG_WARN_CONSTANT_CONVERSION = YES;
				CLANG_WARN_DEPRECATED_OBJC_IMPLEMENTATIONS = YES;
				CLANG_WARN_DIRECT_OBJC_ISA_USAGE = YES_ERROR;
				CLANG_WARN_DOCUMENTATION_COMMENTS = YES;
				CLANG_WARN_EMPTY_BODY = YES;
				CLANG_WARN_ENUM_CONVERSION = YES;
				CLANG_WARN_INFINITE_RECURSION = YES;
				CLANG_WARN_INT_CONVERSION = YES;
				CLANG_WARN_NON_LITERAL_NULL_CONVERSION = YES;
				CLANG_WARN_OBJC_IMPLICIT_RETAIN_SELF = YES;
				CLANG_WARN_OBJC_LITERAL_CONVERSION = YES;
				CLANG_WARN_OBJC_ROOT_CLASS = YES_ERROR;
				CLANG_WARN_QUOTED_INCLUDE_IN_FRAMEWORK_HEADER = YES;
				CLANG_WARN_RANGE_LOOP_ANALYSIS = YES;
				CLANG_WARN_STRICT_PROTOTYPES = YES;
				CLANG_WARN_SUSPICIOUS_MOVE = YES;
				CLANG_WARN_UNGUARDED_AVAILABILITY = YES_AGGRESSIVE;
				CLANG_WARN_UNREACHABLE_CODE = YES;
				CLANG_WARN__DUPLICATE_METHOD_MATCH = YES;
				COPY_PHASE_STRIP = NO;
				DEBUG_INFORMATION_FORMAT = dwarf;
				ENABLE_STRICT_OBJC_MSGSEND = YES;
				ENABLE_TESTABILITY = YES;
				GCC_C_LANGUAGE_STANDARD = gnu11;
				GCC_DYNAMIC_NO_PIC = NO;
				GCC_NO_COMMON_BLOCKS = YES;
				GCC_OPTIMIZATION_LEVEL = 0;
				GCC_PREPROCESSOR_DEFINITIONS = (
					"DEBUG=1",
					"$(inherited)",
				);
				GCC_WARN_64_TO_32_BIT_CONVERSION = YES;
				GCC_WARN_ABOUT_RETURN_TYPE = YES_ERROR;
				GCC_WARN_UNDECLARED_SELECTOR = YES;
				GCC_WARN_UNINITIALIZED_AUTOS = YES_AGGRESSIVE;
				GCC_WARN_UNUSED_FUNCTION = YES;
				GCC_WARN_UNUSED_VARIABLE = YES;
				IPHONEOS_DEPLOYMENT_TARGET = 13.0;
				MTL_ENABLE_DEBUG_INFO = INCLUDE_SOURCE;
				MTL_FAST_MATH = YES;
				ONLY_ACTIVE_ARCH = YES;
				SDKROOT = iphoneos;
				SWIFT_ACTIVE_COMPILATION_CONDITIONS = DEBUG;
				SWIFT_OPTIMIZATION_LEVEL = "-Onone";
			};
			name = Debug;
		};
		85917D282595576900E665BB /* Release */ = {
			isa = XCBuildConfiguration;
			buildSettings = {
				ALWAYS_SEARCH_USER_PATHS = NO;
				CLANG_ANALYZER_NONNULL = YES;
				CLANG_ANALYZER_NUMBER_OBJECT_CONVERSION = YES_AGGRESSIVE;
				CLANG_CXX_LANGUAGE_STANDARD = "gnu++14";
				CLANG_CXX_LIBRARY = "libc++";
				CLANG_ENABLE_MODULES = YES;
				CLANG_ENABLE_OBJC_ARC = YES;
				CLANG_ENABLE_OBJC_WEAK = YES;
				CLANG_WARN_BLOCK_CAPTURE_AUTORELEASING = YES;
				CLANG_WARN_BOOL_CONVERSION = YES;
				CLANG_WARN_COMMA = YES;
				CLANG_WARN_CONSTANT_CONVERSION = YES;
				CLANG_WARN_DEPRECATED_OBJC_IMPLEMENTATIONS = YES;
				CLANG_WARN_DIRECT_OBJC_ISA_USAGE = YES_ERROR;
				CLANG_WARN_DOCUMENTATION_COMMENTS = YES;
				CLANG_WARN_EMPTY_BODY = YES;
				CLANG_WARN_ENUM_CONVERSION = YES;
				CLANG_WARN_INFINITE_RECURSION = YES;
				CLANG_WARN_INT_CONVERSION = YES;
				CLANG_WARN_NON_LITERAL_NULL_CONVERSION = YES;
				CLANG_WARN_OBJC_IMPLICIT_RETAIN_SELF = YES;
				CLANG_WARN_OBJC_LITERAL_CONVERSION = YES;
				CLANG_WARN_OBJC_ROOT_CLASS = YES_ERROR;
				CLANG_WARN_QUOTED_INCLUDE_IN_FRAMEWORK_HEADER = YES;
				CLANG_WARN_RANGE_LOOP_ANALYSIS = YES;
				CLANG_WARN_STRICT_PROTOTYPES = YES;
				CLANG_WARN_SUSPICIOUS_MOVE = YES;
				CLANG_WARN_UNGUARDED_AVAILABILITY = YES_AGGRESSIVE;
				CLANG_WARN_UNREACHABLE_CODE = YES;
				CLANG_WARN__DUPLICATE_METHOD_MATCH = YES;
				COPY_PHASE_STRIP = NO;
				DEBUG_INFORMATION_FORMAT = "dwarf-with-dsym";
				ENABLE_NS_ASSERTIONS = NO;
				ENABLE_STRICT_OBJC_MSGSEND = YES;
				GCC_C_LANGUAGE_STANDARD = gnu11;
				GCC_NO_COMMON_BLOCKS = YES;
				GCC_WARN_64_TO_32_BIT_CONVERSION = YES;
				GCC_WARN_ABOUT_RETURN_TYPE = YES_ERROR;
				GCC_WARN_UNDECLARED_SELECTOR = YES;
				GCC_WARN_UNINITIALIZED_AUTOS = YES_AGGRESSIVE;
				GCC_WARN_UNUSED_FUNCTION = YES;
				GCC_WARN_UNUSED_VARIABLE = YES;
				IPHONEOS_DEPLOYMENT_TARGET = 13.0;
				MTL_ENABLE_DEBUG_INFO = NO;
				MTL_FAST_MATH = YES;
				SDKROOT = iphoneos;
				SWIFT_COMPILATION_MODE = wholemodule;
				SWIFT_OPTIMIZATION_LEVEL = "-O";
				VALIDATE_PRODUCT = YES;
			};
			name = Release;
		};
		85917D2A2595576900E665BB /* Debug */ = {
			isa = XCBuildConfiguration;
			buildSettings = {
				ASSETCATALOG_COMPILER_APPICON_NAME = AppIcon;
				ASSETCATALOG_COMPILER_GLOBAL_ACCENT_COLOR_NAME = AccentColor;
				CODE_SIGN_STYLE = Automatic;
				DEVELOPMENT_TEAM = SA9EY248Y9;
				INFOPLIST_FILE = "Word Hunter/Info.plist";
				IPHONEOS_DEPLOYMENT_TARGET = 13.0;
				LD_RUNPATH_SEARCH_PATHS = (
					"$(inherited)",
					"@executable_path/Frameworks",
				);
				PRODUCT_BUNDLE_IDENTIFIER = "Kousei-Richeson.Word-Hunter";
				PRODUCT_NAME = "$(TARGET_NAME)";
				SWIFT_VERSION = 5.0;
				TARGETED_DEVICE_FAMILY = 1;
			};
			name = Debug;
		};
		85917D2B2595576900E665BB /* Release */ = {
			isa = XCBuildConfiguration;
			buildSettings = {
				ASSETCATALOG_COMPILER_APPICON_NAME = AppIcon;
				ASSETCATALOG_COMPILER_GLOBAL_ACCENT_COLOR_NAME = AccentColor;
				CODE_SIGN_STYLE = Automatic;
				DEVELOPMENT_TEAM = SA9EY248Y9;
				INFOPLIST_FILE = "Word Hunter/Info.plist";
				IPHONEOS_DEPLOYMENT_TARGET = 13.0;
				LD_RUNPATH_SEARCH_PATHS = (
					"$(inherited)",
					"@executable_path/Frameworks",
				);
				PRODUCT_BUNDLE_IDENTIFIER = "Kousei-Richeson.Word-Hunter";
				PRODUCT_NAME = "$(TARGET_NAME)";
				SWIFT_VERSION = 5.0;
				TARGETED_DEVICE_FAMILY = 1;
			};
			name = Release;
		};
/* End XCBuildConfiguration section */

/* Begin XCConfigurationList section */
		85917D102595576900E665BB /* Build configuration list for PBXProject "Word Hunter" */ = {
			isa = XCConfigurationList;
			buildConfigurations = (
				85917D272595576900E665BB /* Debug */,
				85917D282595576900E665BB /* Release */,
			);
			defaultConfigurationIsVisible = 0;
			defaultConfigurationName = Release;
		};
		85917D292595576900E665BB /* Build configuration list for PBXNativeTarget "Word Hunter" */ = {
			isa = XCConfigurationList;
			buildConfigurations = (
				85917D2A2595576900E665BB /* Debug */,
				85917D2B2595576900E665BB /* Release */,
			);
			defaultConfigurationIsVisible = 0;
			defaultConfigurationName = Release;
		};
/* End XCConfigurationList section */
	};
	rootObject = 85917D0D2595576900E665BB /* Project object */;
}
